// !$*UTF8*$!
{
	archiveVersion = 1;
	classes = {
	};
	objectVersion = 46;
	objects = {

/* Begin PBXBuildFile section */
		F32A62B91894BFF800AB97E2 /* TFHttp2.m in Sources */ = {isa = PBXBuildFile; fileRef = F32A62B81894BFF800AB97E2 /* TFHttp2.m */; };
		F39A184E188E5C49002ED718 /* TFHttp.m in Sources */ = {isa = PBXBuildFile; fileRef = F39A184D188E5C49002ED718 /* TFHttp.m */; };
		F39A1854188FAE15002ED718 /* TFDom.m in Sources */ = {isa = PBXBuildFile; fileRef = F39A1853188FAE15002ED718 /* TFDom.m */; };
		F39A185C188FAE38002ED718 /* TFHpple.m in Sources */ = {isa = PBXBuildFile; fileRef = F39A1857188FAE38002ED718 /* TFHpple.m */; };
		F39A185D188FAE38002ED718 /* TFHppleElement.m in Sources */ = {isa = PBXBuildFile; fileRef = F39A1859188FAE38002ED718 /* TFHppleElement.m */; };
		F39A185E188FAE38002ED718 /* XPathQuery.m in Sources */ = {isa = PBXBuildFile; fileRef = F39A185B188FAE38002ED718 /* XPathQuery.m */; };
		F39A1860188FB28C002ED718 /* libxml2.dylib in Frameworks */ = {isa = PBXBuildFile; fileRef = F39A185F188FB28C002ED718 /* libxml2.dylib */; };
		F3A1D69B188CD2DB002A4C88 /* Foundation.framework in Frameworks */ = {isa = PBXBuildFile; fileRef = F3A1D69A188CD2DB002A4C88 /* Foundation.framework */; };
		F3A1D69D188CD2DB002A4C88 /* CoreGraphics.framework in Frameworks */ = {isa = PBXBuildFile; fileRef = F3A1D69C188CD2DB002A4C88 /* CoreGraphics.framework */; };
		F3A1D69F188CD2DB002A4C88 /* UIKit.framework in Frameworks */ = {isa = PBXBuildFile; fileRef = F3A1D69E188CD2DB002A4C88 /* UIKit.framework */; };
		F3A1D6A5188CD2DB002A4C88 /* InfoPlist.strings in Resources */ = {isa = PBXBuildFile; fileRef = F3A1D6A3188CD2DB002A4C88 /* InfoPlist.strings */; };
		F3A1D6A7188CD2DB002A4C88 /* main.m in Sources */ = {isa = PBXBuildFile; fileRef = F3A1D6A6188CD2DB002A4C88 /* main.m */; };
		F3A1D6AB188CD2DB002A4C88 /* AppDelegate.m in Sources */ = {isa = PBXBuildFile; fileRef = F3A1D6AA188CD2DB002A4C88 /* AppDelegate.m */; };
		F3A1D6AE188CD2DB002A4C88 /* Main.storyboard in Resources */ = {isa = PBXBuildFile; fileRef = F3A1D6AC188CD2DB002A4C88 /* Main.storyboard */; };
		F3A1D6B1188CD2DB002A4C88 /* ViewController.m in Sources */ = {isa = PBXBuildFile; fileRef = F3A1D6B0188CD2DB002A4C88 /* ViewController.m */; };
		F3A1D6B3188CD2DB002A4C88 /* Images.xcassets in Resources */ = {isa = PBXBuildFile; fileRef = F3A1D6B2188CD2DB002A4C88 /* Images.xcassets */; };
		F3A1D6BA188CD2DB002A4C88 /* XCTest.framework in Frameworks */ = {isa = PBXBuildFile; fileRef = F3A1D6B9188CD2DB002A4C88 /* XCTest.framework */; };
		F3A1D6BB188CD2DB002A4C88 /* Foundation.framework in Frameworks */ = {isa = PBXBuildFile; fileRef = F3A1D69A188CD2DB002A4C88 /* Foundation.framework */; };
		F3A1D6BC188CD2DB002A4C88 /* UIKit.framework in Frameworks */ = {isa = PBXBuildFile; fileRef = F3A1D69E188CD2DB002A4C88 /* UIKit.framework */; };
		F3A1D6C4188CD2DB002A4C88 /* InfoPlist.strings in Resources */ = {isa = PBXBuildFile; fileRef = F3A1D6C2188CD2DB002A4C88 /* InfoPlist.strings */; };
		F3A1D6C6188CD2DB002A4C88 /* TrainJsDemoTests.m in Sources */ = {isa = PBXBuildFile; fileRef = F3A1D6C5188CD2DB002A4C88 /* TrainJsDemoTests.m */; };
		F3A1D6DB188CD31B002A4C88 /* libiOSJavaScriptCore.a in Frameworks */ = {isa = PBXBuildFile; fileRef = F3A1D6DA188CD31B002A4C88 /* libiOSJavaScriptCore.a */; };
		F3A1D6E0188CDA5B002A4C88 /* libstdc++.dylib in Frameworks */ = {isa = PBXBuildFile; fileRef = F3A1D6DF188CDA5B002A4C88 /* libstdc++.dylib */; };
		F3A1D6E2188CDA6B002A4C88 /* libicucore.dylib in Frameworks */ = {isa = PBXBuildFile; fileRef = F3A1D6E1188CDA6B002A4C88 /* libicucore.dylib */; };
		F3A1D6E3188CECF2002A4C88 /* hello.js in Resources */ = {isa = PBXBuildFile; fileRef = F3A1D6DD188CD9A0002A4C88 /* hello.js */; };
/* End PBXBuildFile section */

/* Begin PBXContainerItemProxy section */
		F3A1D6BD188CD2DB002A4C88 /* PBXContainerItemProxy */ = {
			isa = PBXContainerItemProxy;
			containerPortal = F3A1D68F188CD2DB002A4C88 /* Project object */;
			proxyType = 1;
			remoteGlobalIDString = F3A1D696188CD2DB002A4C88;
			remoteInfo = TrainJsDemo;
		};
/* End PBXContainerItemProxy section */

/* Begin PBXFileReference section */
		F32A62B71894BFF800AB97E2 /* TFHttp2.h */ = {isa = PBXFileReference; fileEncoding = 4; lastKnownFileType = sourcecode.c.h; path = TFHttp2.h; sourceTree = "<group>"; };
		F32A62B81894BFF800AB97E2 /* TFHttp2.m */ = {isa = PBXFileReference; fileEncoding = 4; lastKnownFileType = sourcecode.c.objc; path = TFHttp2.m; sourceTree = "<group>"; };
		F39A184C188E5C49002ED718 /* TFHttp.h */ = {isa = PBXFileReference; fileEncoding = 4; lastKnownFileType = sourcecode.c.h; path = TFHttp.h; sourceTree = "<group>"; };
		F39A184D188E5C49002ED718 /* TFHttp.m */ = {isa = PBXFileReference; fileEncoding = 4; lastKnownFileType = sourcecode.c.objc; path = TFHttp.m; sourceTree = "<group>"; };
		F39A1852188FAE15002ED718 /* TFDom.h */ = {isa = PBXFileReference; fileEncoding = 4; lastKnownFileType = sourcecode.c.h; path = TFDom.h; sourceTree = "<group>"; };
		F39A1853188FAE15002ED718 /* TFDom.m */ = {isa = PBXFileReference; fileEncoding = 4; lastKnownFileType = sourcecode.c.objc; path = TFDom.m; sourceTree = "<group>"; };
		F39A1856188FAE38002ED718 /* TFHpple.h */ = {isa = PBXFileReference; fileEncoding = 4; lastKnownFileType = sourcecode.c.h; path = TFHpple.h; sourceTree = "<group>"; };
		F39A1857188FAE38002ED718 /* TFHpple.m */ = {isa = PBXFileReference; fileEncoding = 4; lastKnownFileType = sourcecode.c.objc; path = TFHpple.m; sourceTree = "<group>"; };
		F39A1858188FAE38002ED718 /* TFHppleElement.h */ = {isa = PBXFileReference; fileEncoding = 4; lastKnownFileType = sourcecode.c.h; path = TFHppleElement.h; sourceTree = "<group>"; };
		F39A1859188FAE38002ED718 /* TFHppleElement.m */ = {isa = PBXFileReference; fileEncoding = 4; lastKnownFileType = sourcecode.c.objc; path = TFHppleElement.m; sourceTree = "<group>"; };
		F39A185A188FAE38002ED718 /* XPathQuery.h */ = {isa = PBXFileReference; fileEncoding = 4; lastKnownFileType = sourcecode.c.h; path = XPathQuery.h; sourceTree = "<group>"; };
		F39A185B188FAE38002ED718 /* XPathQuery.m */ = {isa = PBXFileReference; fileEncoding = 4; lastKnownFileType = sourcecode.c.objc; path = XPathQuery.m; sourceTree = "<group>"; };
		F39A185F188FB28C002ED718 /* libxml2.dylib */ = {isa = PBXFileReference; lastKnownFileType = "compiled.mach-o.dylib"; name = libxml2.dylib; path = usr/lib/libxml2.dylib; sourceTree = SDKROOT; };
		F3A1D697188CD2DB002A4C88 /* TrainJsDemo.app */ = {isa = PBXFileReference; explicitFileType = wrapper.application; includeInIndex = 0; path = TrainJsDemo.app; sourceTree = BUILT_PRODUCTS_DIR; };
		F3A1D69A188CD2DB002A4C88 /* Foundation.framework */ = {isa = PBXFileReference; lastKnownFileType = wrapper.framework; name = Foundation.framework; path = System/Library/Frameworks/Foundation.framework; sourceTree = SDKROOT; };
		F3A1D69C188CD2DB002A4C88 /* CoreGraphics.framework */ = {isa = PBXFileReference; lastKnownFileType = wrapper.framework; name = CoreGraphics.framework; path = System/Library/Frameworks/CoreGraphics.framework; sourceTree = SDKROOT; };
		F3A1D69E188CD2DB002A4C88 /* UIKit.framework */ = {isa = PBXFileReference; lastKnownFileType = wrapper.framework; name = UIKit.framework; path = System/Library/Frameworks/UIKit.framework; sourceTree = SDKROOT; };
		F3A1D6A2188CD2DB002A4C88 /* TrainJsDemo-Info.plist */ = {isa = PBXFileReference; lastKnownFileType = text.plist.xml; path = "TrainJsDemo-Info.plist"; sourceTree = "<group>"; };
		F3A1D6A4188CD2DB002A4C88 /* en */ = {isa = PBXFileReference; lastKnownFileType = text.plist.strings; name = en; path = en.lproj/InfoPlist.strings; sourceTree = "<group>"; };
		F3A1D6A6188CD2DB002A4C88 /* main.m */ = {isa = PBXFileReference; lastKnownFileType = sourcecode.c.objc; path = main.m; sourceTree = "<group>"; };
		F3A1D6A8188CD2DB002A4C88 /* TrainJsDemo-Prefix.pch */ = {isa = PBXFileReference; lastKnownFileType = sourcecode.c.h; path = "TrainJsDemo-Prefix.pch"; sourceTree = "<group>"; };
		F3A1D6A9188CD2DB002A4C88 /* AppDelegate.h */ = {isa = PBXFileReference; lastKnownFileType = sourcecode.c.h; path = AppDelegate.h; sourceTree = "<group>"; };
		F3A1D6AA188CD2DB002A4C88 /* AppDelegate.m */ = {isa = PBXFileReference; lastKnownFileType = sourcecode.c.objc; path = AppDelegate.m; sourceTree = "<group>"; };
		F3A1D6AD188CD2DB002A4C88 /* Base */ = {isa = PBXFileReference; lastKnownFileType = file.storyboard; name = Base; path = Base.lproj/Main.storyboard; sourceTree = "<group>"; };
		F3A1D6AF188CD2DB002A4C88 /* ViewController.h */ = {isa = PBXFileReference; lastKnownFileType = sourcecode.c.h; path = ViewController.h; sourceTree = "<group>"; };
		F3A1D6B0188CD2DB002A4C88 /* ViewController.m */ = {isa = PBXFileReference; lastKnownFileType = sourcecode.c.objc; path = ViewController.m; sourceTree = "<group>"; };
		F3A1D6B2188CD2DB002A4C88 /* Images.xcassets */ = {isa = PBXFileReference; lastKnownFileType = folder.assetcatalog; path = Images.xcassets; sourceTree = "<group>"; };
		F3A1D6B8188CD2DB002A4C88 /* TrainJsDemoTests.xctest */ = {isa = PBXFileReference; explicitFileType = wrapper.cfbundle; includeInIndex = 0; path = TrainJsDemoTests.xctest; sourceTree = BUILT_PRODUCTS_DIR; };
		F3A1D6B9188CD2DB002A4C88 /* XCTest.framework */ = {isa = PBXFileReference; lastKnownFileType = wrapper.framework; name = XCTest.framework; path = Library/Frameworks/XCTest.framework; sourceTree = DEVELOPER_DIR; };
		F3A1D6C1188CD2DB002A4C88 /* TrainJsDemoTests-Info.plist */ = {isa = PBXFileReference; lastKnownFileType = text.plist.xml; path = "TrainJsDemoTests-Info.plist"; sourceTree = "<group>"; };
		F3A1D6C3188CD2DB002A4C88 /* en */ = {isa = PBXFileReference; lastKnownFileType = text.plist.strings; name = en; path = en.lproj/InfoPlist.strings; sourceTree = "<group>"; };
		F3A1D6C5188CD2DB002A4C88 /* TrainJsDemoTests.m */ = {isa = PBXFileReference; lastKnownFileType = sourcecode.c.objc; path = TrainJsDemoTests.m; sourceTree = "<group>"; };
		F3A1D6D1188CD31B002A4C88 /* JavaScript.h */ = {isa = PBXFileReference; fileEncoding = 4; lastKnownFileType = sourcecode.c.h; path = JavaScript.h; sourceTree = "<group>"; };
		F3A1D6D2188CD31B002A4C88 /* JavaScriptCore.h */ = {isa = PBXFileReference; fileEncoding = 4; lastKnownFileType = sourcecode.c.h; path = JavaScriptCore.h; sourceTree = "<group>"; };
		F3A1D6D3188CD31B002A4C88 /* JSBase.h */ = {isa = PBXFileReference; fileEncoding = 4; lastKnownFileType = sourcecode.c.h; path = JSBase.h; sourceTree = "<group>"; };
		F3A1D6D4188CD31B002A4C88 /* JSContextRef.h */ = {isa = PBXFileReference; fileEncoding = 4; lastKnownFileType = sourcecode.c.h; path = JSContextRef.h; sourceTree = "<group>"; };
		F3A1D6D5188CD31B002A4C88 /* JSObjectRef.h */ = {isa = PBXFileReference; fileEncoding = 4; lastKnownFileType = sourcecode.c.h; path = JSObjectRef.h; sourceTree = "<group>"; };
		F3A1D6D6188CD31B002A4C88 /* JSStringRef.h */ = {isa = PBXFileReference; fileEncoding = 4; lastKnownFileType = sourcecode.c.h; path = JSStringRef.h; sourceTree = "<group>"; };
		F3A1D6D7188CD31B002A4C88 /* JSStringRefCF.h */ = {isa = PBXFileReference; fileEncoding = 4; lastKnownFileType = sourcecode.c.h; path = JSStringRefCF.h; sourceTree = "<group>"; };
		F3A1D6D8188CD31B002A4C88 /* JSValueRef.h */ = {isa = PBXFileReference; fileEncoding = 4; lastKnownFileType = sourcecode.c.h; path = JSValueRef.h; sourceTree = "<group>"; };
		F3A1D6D9188CD31B002A4C88 /* WebKitAvailability.h */ = {isa = PBXFileReference; fileEncoding = 4; lastKnownFileType = sourcecode.c.h; path = WebKitAvailability.h; sourceTree = "<group>"; };
		F3A1D6DA188CD31B002A4C88 /* libiOSJavaScriptCore.a */ = {isa = PBXFileReference; lastKnownFileType = archive.ar; path = libiOSJavaScriptCore.a; sourceTree = "<group>"; };
		F3A1D6DD188CD9A0002A4C88 /* hello.js */ = {isa = PBXFileReference; fileEncoding = 4; lastKnownFileType = sourcecode.javascript; path = hello.js; sourceTree = "<group>"; };
		F3A1D6DF188CDA5B002A4C88 /* libstdc++.dylib */ = {isa = PBXFileReference; lastKnownFileType = "compiled.mach-o.dylib"; name = "libstdc++.dylib"; path = "usr/lib/libstdc++.dylib"; sourceTree = SDKROOT; };
		F3A1D6E1188CDA6B002A4C88 /* libicucore.dylib */ = {isa = PBXFileReference; lastKnownFileType = "compiled.mach-o.dylib"; name = libicucore.dylib; path = usr/lib/libicucore.dylib; sourceTree = SDKROOT; };
/* End PBXFileReference section */

/* Begin PBXFrameworksBuildPhase section */
		F3A1D694188CD2DB002A4C88 /* Frameworks */ = {
			isa = PBXFrameworksBuildPhase;
			buildActionMask = 2147483647;
			files = (
				F39A1860188FB28C002ED718 /* libxml2.dylib in Frameworks */,
				F3A1D6E2188CDA6B002A4C88 /* libicucore.dylib in Frameworks */,
				F3A1D6E0188CDA5B002A4C88 /* libstdc++.dylib in Frameworks */,
				F3A1D69D188CD2DB002A4C88 /* CoreGraphics.framework in Frameworks */,
				F3A1D69F188CD2DB002A4C88 /* UIKit.framework in Frameworks */,
				F3A1D69B188CD2DB002A4C88 /* Foundation.framework in Frameworks */,
				F3A1D6DB188CD31B002A4C88 /* libiOSJavaScriptCore.a in Frameworks */,
			);
			runOnlyForDeploymentPostprocessing = 0;
		};
		F3A1D6B5188CD2DB002A4C88 /* Frameworks */ = {
			isa = PBXFrameworksBuildPhase;
			buildActionMask = 2147483647;
			files = (
				F3A1D6BA188CD2DB002A4C88 /* XCTest.framework in Frameworks */,
				F3A1D6BC188CD2DB002A4C88 /* UIKit.framework in Frameworks */,
				F3A1D6BB188CD2DB002A4C88 /* Foundation.framework in Frameworks */,
			);
			runOnlyForDeploymentPostprocessing = 0;
		};
/* End PBXFrameworksBuildPhase section */

/* Begin PBXGroup section */
		F39A1855188FAE38002ED718 /* Hpple */ = {
			isa = PBXGroup;
			children = (
				F39A1856188FAE38002ED718 /* TFHpple.h */,
				F39A1857188FAE38002ED718 /* TFHpple.m */,
				F39A1858188FAE38002ED718 /* TFHppleElement.h */,
				F39A1859188FAE38002ED718 /* TFHppleElement.m */,
				F39A185A188FAE38002ED718 /* XPathQuery.h */,
				F39A185B188FAE38002ED718 /* XPathQuery.m */,
			);
			path = Hpple;
			sourceTree = "<group>";
		};
		F3A1D68E188CD2DB002A4C88 = {
			isa = PBXGroup;
			children = (
				F39A1855188FAE38002ED718 /* Hpple */,
				F3A1D6DC188CD9A0002A4C88 /* js */,
				F3A1D6CF188CD31B002A4C88 /* libiOSJavaScriptCore-534.27 2 */,
				F3A1D6A0188CD2DB002A4C88 /* TrainJsDemo */,
				F3A1D6BF188CD2DB002A4C88 /* TrainJsDemoTests */,
				F3A1D699188CD2DB002A4C88 /* Frameworks */,
				F3A1D698188CD2DB002A4C88 /* Products */,
			);
			sourceTree = "<group>";
		};
		F3A1D698188CD2DB002A4C88 /* Products */ = {
			isa = PBXGroup;
			children = (
				F3A1D697188CD2DB002A4C88 /* TrainJsDemo.app */,
				F3A1D6B8188CD2DB002A4C88 /* TrainJsDemoTests.xctest */,
			);
			name = Products;
			sourceTree = "<group>";
		};
		F3A1D699188CD2DB002A4C88 /* Frameworks */ = {
			isa = PBXGroup;
			children = (
				F39A185F188FB28C002ED718 /* libxml2.dylib */,
				F3A1D6E1188CDA6B002A4C88 /* libicucore.dylib */,
				F3A1D6DF188CDA5B002A4C88 /* libstdc++.dylib */,
				F3A1D69A188CD2DB002A4C88 /* Foundation.framework */,
				F3A1D69C188CD2DB002A4C88 /* CoreGraphics.framework */,
				F3A1D69E188CD2DB002A4C88 /* UIKit.framework */,
				F3A1D6B9188CD2DB002A4C88 /* XCTest.framework */,
			);
			name = Frameworks;
			sourceTree = "<group>";
		};
		F3A1D6A0188CD2DB002A4C88 /* TrainJsDemo */ = {
			isa = PBXGroup;
			children = (
				F3A1D6A9188CD2DB002A4C88 /* AppDelegate.h */,
				F3A1D6AA188CD2DB002A4C88 /* AppDelegate.m */,
				F3A1D6AC188CD2DB002A4C88 /* Main.storyboard */,
				F3A1D6AF188CD2DB002A4C88 /* ViewController.h */,
				F3A1D6B0188CD2DB002A4C88 /* ViewController.m */,
				F3A1D6B2188CD2DB002A4C88 /* Images.xcassets */,
				F3A1D6A1188CD2DB002A4C88 /* Supporting Files */,
				F39A184C188E5C49002ED718 /* TFHttp.h */,
				F39A184D188E5C49002ED718 /* TFHttp.m */,
				F32A62B71894BFF800AB97E2 /* TFHttp2.h */,
				F32A62B81894BFF800AB97E2 /* TFHttp2.m */,
				F39A1852188FAE15002ED718 /* TFDom.h */,
				F39A1853188FAE15002ED718 /* TFDom.m */,
			);
			path = TrainJsDemo;
			sourceTree = "<group>";
		};
		F3A1D6A1188CD2DB002A4C88 /* Supporting Files */ = {
			isa = PBXGroup;
			children = (
				F3A1D6A2188CD2DB002A4C88 /* TrainJsDemo-Info.plist */,
				F3A1D6A3188CD2DB002A4C88 /* InfoPlist.strings */,
				F3A1D6A6188CD2DB002A4C88 /* main.m */,
				F3A1D6A8188CD2DB002A4C88 /* TrainJsDemo-Prefix.pch */,
			);
			name = "Supporting Files";
			sourceTree = "<group>";
		};
		F3A1D6BF188CD2DB002A4C88 /* TrainJsDemoTests */ = {
			isa = PBXGroup;
			children = (
				F3A1D6C5188CD2DB002A4C88 /* TrainJsDemoTests.m */,
				F3A1D6C0188CD2DB002A4C88 /* Supporting Files */,
			);
			path = TrainJsDemoTests;
			sourceTree = "<group>";
		};
		F3A1D6C0188CD2DB002A4C88 /* Supporting Files */ = {
			isa = PBXGroup;
			children = (
				F3A1D6C1188CD2DB002A4C88 /* TrainJsDemoTests-Info.plist */,
				F3A1D6C2188CD2DB002A4C88 /* InfoPlist.strings */,
			);
			name = "Supporting Files";
			sourceTree = "<group>";
		};
		F3A1D6CF188CD31B002A4C88 /* libiOSJavaScriptCore-534.27 2 */ = {
			isa = PBXGroup;
			children = (
				F3A1D6D0188CD31B002A4C88 /* JavaScriptCore */,
				F3A1D6DA188CD31B002A4C88 /* libiOSJavaScriptCore.a */,
			);
			path = "libiOSJavaScriptCore-534.27 2";
			sourceTree = "<group>";
		};
		F3A1D6D0188CD31B002A4C88 /* JavaScriptCore */ = {
			isa = PBXGroup;
			children = (
				F3A1D6D1188CD31B002A4C88 /* JavaScript.h */,
				F3A1D6D2188CD31B002A4C88 /* JavaScriptCore.h */,
				F3A1D6D3188CD31B002A4C88 /* JSBase.h */,
				F3A1D6D4188CD31B002A4C88 /* JSContextRef.h */,
				F3A1D6D5188CD31B002A4C88 /* JSObjectRef.h */,
				F3A1D6D6188CD31B002A4C88 /* JSStringRef.h */,
				F3A1D6D7188CD31B002A4C88 /* JSStringRefCF.h */,
				F3A1D6D8188CD31B002A4C88 /* JSValueRef.h */,
				F3A1D6D9188CD31B002A4C88 /* WebKitAvailability.h */,
			);
			path = JavaScriptCore;
			sourceTree = "<group>";
		};
		F3A1D6DC188CD9A0002A4C88 /* js */ = {
			isa = PBXGroup;
			children = (
				F3A1D6DD188CD9A0002A4C88 /* hello.js */,
			);
			path = js;
			sourceTree = "<group>";
		};
/* End PBXGroup section */

/* Begin PBXNativeTarget section */
		F3A1D696188CD2DB002A4C88 /* TrainJsDemo */ = {
			isa = PBXNativeTarget;
			buildConfigurationList = F3A1D6C9188CD2DB002A4C88 /* Build configuration list for PBXNativeTarget "TrainJsDemo" */;
			buildPhases = (
				F3A1D693188CD2DB002A4C88 /* Sources */,
				F3A1D694188CD2DB002A4C88 /* Frameworks */,
				F3A1D695188CD2DB002A4C88 /* Resources */,
			);
			buildRules = (
			);
			dependencies = (
			);
			name = TrainJsDemo;
			productName = TrainJsDemo;
			productReference = F3A1D697188CD2DB002A4C88 /* TrainJsDemo.app */;
			productType = "com.apple.product-type.application";
		};
		F3A1D6B7188CD2DB002A4C88 /* TrainJsDemoTests */ = {
			isa = PBXNativeTarget;
			buildConfigurationList = F3A1D6CC188CD2DB002A4C88 /* Build configuration list for PBXNativeTarget "TrainJsDemoTests" */;
			buildPhases = (
				F3A1D6B4188CD2DB002A4C88 /* Sources */,
				F3A1D6B5188CD2DB002A4C88 /* Frameworks */,
				F3A1D6B6188CD2DB002A4C88 /* Resources */,
			);
			buildRules = (
			);
			dependencies = (
				F3A1D6BE188CD2DB002A4C88 /* PBXTargetDependency */,
			);
			name = TrainJsDemoTests;
			productName = TrainJsDemoTests;
			productReference = F3A1D6B8188CD2DB002A4C88 /* TrainJsDemoTests.xctest */;
			productType = "com.apple.product-type.bundle.unit-test";
		};
/* End PBXNativeTarget section */

/* Begin PBXProject section */
		F3A1D68F188CD2DB002A4C88 /* Project object */ = {
			isa = PBXProject;
			attributes = {
				LastUpgradeCheck = 0500;
				ORGANIZATIONNAME = ikamobile;
				TargetAttributes = {
					F3A1D6B7188CD2DB002A4C88 = {
						TestTargetID = F3A1D696188CD2DB002A4C88;
					};
				};
			};
			buildConfigurationList = F3A1D692188CD2DB002A4C88 /* Build configuration list for PBXProject "TrainJsDemo" */;
			compatibilityVersion = "Xcode 3.2";
			developmentRegion = English;
			hasScannedForEncodings = 0;
			knownRegions = (
				en,
				Base,
			);
			mainGroup = F3A1D68E188CD2DB002A4C88;
			productRefGroup = F3A1D698188CD2DB002A4C88 /* Products */;
			projectDirPath = "";
			projectRoot = "";
			targets = (
				F3A1D696188CD2DB002A4C88 /* TrainJsDemo */,
				F3A1D6B7188CD2DB002A4C88 /* TrainJsDemoTests */,
			);
		};
/* End PBXProject section */

/* Begin PBXResourcesBuildPhase section */
		F3A1D695188CD2DB002A4C88 /* Resources */ = {
			isa = PBXResourcesBuildPhase;
			buildActionMask = 2147483647;
			files = (
				F3A1D6E3188CECF2002A4C88 /* hello.js in Resources */,
				F3A1D6B3188CD2DB002A4C88 /* Images.xcassets in Resources */,
				F3A1D6A5188CD2DB002A4C88 /* InfoPlist.strings in Resources */,
				F3A1D6AE188CD2DB002A4C88 /* Main.storyboard in Resources */,
			);
			runOnlyForDeploymentPostprocessing = 0;
		};
		F3A1D6B6188CD2DB002A4C88 /* Resources */ = {
			isa = PBXResourcesBuildPhase;
			buildActionMask = 2147483647;
			files = (
				F3A1D6C4188CD2DB002A4C88 /* InfoPlist.strings in Resources */,
			);
			runOnlyForDeploymentPostprocessing = 0;
		};
/* End PBXResourcesBuildPhase section */

/* Begin PBXSourcesBuildPhase section */
		F3A1D693188CD2DB002A4C88 /* Sources */ = {
			isa = PBXSourcesBuildPhase;
			buildActionMask = 2147483647;
			files = (
				F3A1D6B1188CD2DB002A4C88 /* ViewController.m in Sources */,
				F39A185D188FAE38002ED718 /* TFHppleElement.m in Sources */,
				F39A185E188FAE38002ED718 /* XPathQuery.m in Sources */,
				F39A185C188FAE38002ED718 /* TFHpple.m in Sources */,
				F32A62B91894BFF800AB97E2 /* TFHttp2.m in Sources */,
				F39A1854188FAE15002ED718 /* TFDom.m in Sources */,
				F39A184E188E5C49002ED718 /* TFHttp.m in Sources */,
				F3A1D6AB188CD2DB002A4C88 /* AppDelegate.m in Sources */,
				F3A1D6A7188CD2DB002A4C88 /* main.m in Sources */,
			);
			runOnlyForDeploymentPostprocessing = 0;
		};
		F3A1D6B4188CD2DB002A4C88 /* Sources */ = {
			isa = PBXSourcesBuildPhase;
			buildActionMask = 2147483647;
			files = (
				F3A1D6C6188CD2DB002A4C88 /* TrainJsDemoTests.m in Sources */,
			);
			runOnlyForDeploymentPostprocessing = 0;
		};
/* End PBXSourcesBuildPhase section */

/* Begin PBXTargetDependency section */
		F3A1D6BE188CD2DB002A4C88 /* PBXTargetDependency */ = {
			isa = PBXTargetDependency;
			target = F3A1D696188CD2DB002A4C88 /* TrainJsDemo */;
			targetProxy = F3A1D6BD188CD2DB002A4C88 /* PBXContainerItemProxy */;
		};
/* End PBXTargetDependency section */

/* Begin PBXVariantGroup section */
		F3A1D6A3188CD2DB002A4C88 /* InfoPlist.strings */ = {
			isa = PBXVariantGroup;
			children = (
				F3A1D6A4188CD2DB002A4C88 /* en */,
			);
			name = InfoPlist.strings;
			sourceTree = "<group>";
		};
		F3A1D6AC188CD2DB002A4C88 /* Main.storyboard */ = {
			isa = PBXVariantGroup;
			children = (
				F3A1D6AD188CD2DB002A4C88 /* Base */,
			);
			name = Main.storyboard;
			sourceTree = "<group>";
		};
		F3A1D6C2188CD2DB002A4C88 /* InfoPlist.strings */ = {
			isa = PBXVariantGroup;
			children = (
				F3A1D6C3188CD2DB002A4C88 /* en */,
			);
			name = InfoPlist.strings;
			sourceTree = "<group>";
		};
/* End PBXVariantGroup section */

/* Begin XCBuildConfiguration section */
		F3A1D6C7188CD2DB002A4C88 /* Debug */ = {
			isa = XCBuildConfiguration;
			buildSettings = {
				ALWAYS_SEARCH_USER_PATHS = NO;
				ARCHS = "$(ARCHS_STANDARD_INCLUDING_64_BIT)";
				CLANG_CXX_LANGUAGE_STANDARD = "gnu++0x";
				CLANG_CXX_LIBRARY = "libc++";
				CLANG_ENABLE_MODULES = YES;
				CLANG_ENABLE_OBJC_ARC = YES;
				CLANG_WARN_BOOL_CONVERSION = YES;
				CLANG_WARN_CONSTANT_CONVERSION = YES;
				CLANG_WARN_DIRECT_OBJC_ISA_USAGE = YES_ERROR;
				CLANG_WARN_EMPTY_BODY = YES;
				CLANG_WARN_ENUM_CONVERSION = YES;
				CLANG_WARN_INT_CONVERSION = YES;
				CLANG_WARN_OBJC_ROOT_CLASS = YES_ERROR;
				CLANG_WARN__DUPLICATE_METHOD_MATCH = YES;
				"CODE_SIGN_IDENTITY[sdk=iphoneos*]" = "iPhone Developer";
				COPY_PHASE_STRIP = NO;
				GCC_C_LANGUAGE_STANDARD = gnu99;
				GCC_DYNAMIC_NO_PIC = NO;
				GCC_OPTIMIZATION_LEVEL = 0;
				GCC_PREPROCESSOR_DEFINITIONS = (
					"DEBUG=1",
					"$(inherited)",
				);
				GCC_SYMBOLS_PRIVATE_EXTERN = NO;
				GCC_WARN_64_TO_32_BIT_CONVERSION = YES;
				GCC_WARN_ABOUT_RETURN_TYPE = YES_ERROR;
				GCC_WARN_UNDECLARED_SELECTOR = YES;
				GCC_WARN_UNINITIALIZED_AUTOS = YES;
				GCC_WARN_UNUSED_FUNCTION = YES;
				GCC_WARN_UNUSED_VARIABLE = YES;
				HEADER_SEARCH_PATHS = (
					"$(inherited)",
					/Applications/Xcode.app/Contents/Developer/Toolchains/XcodeDefault.xctoolchain/usr/include,
					/usr/include/libxml2,
				);
				IPHONEOS_DEPLOYMENT_TARGET = 7.0;
				ONLY_ACTIVE_ARCH = YES;
				SDKROOT = iphoneos;
			};
			name = Debug;
		};
		F3A1D6C8188CD2DB002A4C88 /* Release */ = {
			isa = XCBuildConfiguration;
			buildSettings = {
				ALWAYS_SEARCH_USER_PATHS = NO;
				ARCHS = "$(ARCHS_STANDARD_INCLUDING_64_BIT)";
				CLANG_CXX_LANGUAGE_STANDARD = "gnu++0x";
				CLANG_CXX_LIBRARY = "libc++";
				CLANG_ENABLE_MODULES = YES;
				CLANG_ENABLE_OBJC_ARC = YES;
				CLANG_WARN_BOOL_CONVERSION = YES;
				CLANG_WARN_CONSTANT_CONVERSION = YES;
				CLANG_WARN_DIRECT_OBJC_ISA_USAGE = YES_ERROR;
				CLANG_WARN_EMPTY_BODY = YES;
				CLANG_WARN_ENUM_CONVERSION = YES;
				CLANG_WARN_INT_CONVERSION = YES;
				CLANG_WARN_OBJC_ROOT_CLASS = YES_ERROR;
				CLANG_WARN__DUPLICATE_METHOD_MATCH = YES;
				"CODE_SIGN_IDENTITY[sdk=iphoneos*]" = "iPhone Developer";
				COPY_PHASE_STRIP = YES;
				ENABLE_NS_ASSERTIONS = NO;
				GCC_C_LANGUAGE_STANDARD = gnu99;
				GCC_WARN_64_TO_32_BIT_CONVERSION = YES;
				GCC_WARN_ABOUT_RETURN_TYPE = YES_ERROR;
				GCC_WARN_UNDECLARED_SELECTOR = YES;
				GCC_WARN_UNINITIALIZED_AUTOS = YES;
				GCC_WARN_UNUSED_FUNCTION = YES;
				GCC_WARN_UNUSED_VARIABLE = YES;
				HEADER_SEARCH_PATHS = (
					"$(inherited)",
					/Applications/Xcode.app/Contents/Developer/Toolchains/XcodeDefault.xctoolchain/usr/include,
					/usr/include/libxml2,
				);
				IPHONEOS_DEPLOYMENT_TARGET = 7.0;
				SDKROOT = iphoneos;
				VALIDATE_PRODUCT = YES;
			};
			name = Release;
		};
		F3A1D6CA188CD2DB002A4C88 /* Debug */ = {
			isa = XCBuildConfiguration;
			buildSettings = {
				ASSETCATALOG_COMPILER_APPICON_NAME = AppIcon;
				ASSETCATALOG_COMPILER_LAUNCHIMAGE_NAME = LaunchImage;
				GCC_PRECOMPILE_PREFIX_HEADER = YES;
				GCC_PREFIX_HEADER = "TrainJsDemo/TrainJsDemo-Prefix.pch";
				INFOPLIST_FILE = "TrainJsDemo/TrainJsDemo-Info.plist";
				IPHONEOS_DEPLOYMENT_TARGET = 6.0;
				LIBRARY_SEARCH_PATHS = (
					"$(inherited)",
					"$(SRCROOT)/**",
				);
				OTHER_LDFLAGS = "";
				PRODUCT_NAME = "$(TARGET_NAME)";
				WRAPPER_EXTENSION = app;
			};
			name = Debug;
		};
		F3A1D6CB188CD2DB002A4C88 /* Release */ = {
			isa = XCBuildConfiguration;
			buildSettings = {
				ASSETCATALOG_COMPILER_APPICON_NAME = AppIcon;
				ASSETCATALOG_COMPILER_LAUNCHIMAGE_NAME = LaunchImage;
				GCC_PRECOMPILE_PREFIX_HEADER = YES;
				GCC_PREFIX_HEADER = "TrainJsDemo/TrainJsDemo-Prefix.pch";
				INFOPLIST_FILE = "TrainJsDemo/TrainJsDemo-Info.plist";
				IPHONEOS_DEPLOYMENT_TARGET = 6.0;
				LIBRARY_SEARCH_PATHS = (
					"$(inherited)",
					"$(SRCROOT)/**",
				);
				OTHER_LDFLAGS = "";
				PRODUCT_NAME = "$(TARGET_NAME)";
				WRAPPER_EXTENSION = app;
			};
			name = Release;
		};
		F3A1D6CD188CD2DB002A4C88 /* Debug */ = {
			isa = XCBuildConfiguration;
			buildSettings = {
				ARCHS = "$(ARCHS_STANDARD_INCLUDING_64_BIT)";
				BUNDLE_LOADER = "$(BUILT_PRODUCTS_DIR)/TrainJsDemo.app/TrainJsDemo";
				FRAMEWORK_SEARCH_PATHS = (
					"$(SDKROOT)/Developer/Library/Frameworks",
					"$(inherited)",
					"$(DEVELOPER_FRAMEWORKS_DIR)",
				);
				GCC_PRECOMPILE_PREFIX_HEADER = YES;
				GCC_PREFIX_HEADER = "TrainJsDemo/TrainJsDemo-Prefix.pch";
				GCC_PREPROCESSOR_DEFINITIONS = (
					"DEBUG=1",
					"$(inherited)",
				);
				INFOPLIST_FILE = "TrainJsDemoTests/TrainJsDemoTests-Info.plist";
				PRODUCT_NAME = "$(TARGET_NAME)";
				TEST_HOST = "$(BUNDLE_LOADER)";
				WRAPPER_EXTENSION = xctest;
			};
			name = Debug;
		};
		F3A1D6CE188CD2DB002A4C88 /* Release */ = {
			isa = XCBuildConfiguration;
			buildSettings = {
				ARCHS = "$(ARCHS_STANDARD_INCLUDING_64_BIT)";
				BUNDLE_LOADER = "$(BUILT_PRODUCTS_DIR)/TrainJsDemo.app/TrainJsDemo";
				FRAMEWORK_SEARCH_PATHS = (
					"$(SDKROOT)/Developer/Library/Frameworks",
					"$(inherited)",
					"$(DEVELOPER_FRAMEWORKS_DIR)",
				);
				GCC_PRECOMPILE_PREFIX_HEADER = YES;
				GCC_PREFIX_HEADER = "TrainJsDemo/TrainJsDemo-Prefix.pch";
				INFOPLIST_FILE = "TrainJsDemoTests/TrainJsDemoTests-Info.plist";
				PRODUCT_NAME = "$(TARGET_NAME)";
				TEST_HOST = "$(BUNDLE_LOADER)";
				WRAPPER_EXTENSION = xctest;
			};
			name = Release;
		};
/* End XCBuildConfiguration section */

/* Begin XCConfigurationList section */
		F3A1D692188CD2DB002A4C88 /* Build configuration list for PBXProject "TrainJsDemo" */ = {
			isa = XCConfigurationList;
			buildConfigurations = (
				F3A1D6C7188CD2DB002A4C88 /* Debug */,
				F3A1D6C8188CD2DB002A4C88 /* Release */,
			);
			defaultConfigurationIsVisible = 0;
			defaultConfigurationName = Release;
		};
		F3A1D6C9188CD2DB002A4C88 /* Build configuration list for PBXNativeTarget "TrainJsDemo" */ = {
			isa = XCConfigurationList;
			buildConfigurations = (
				F3A1D6CA188CD2DB002A4C88 /* Debug */,
				F3A1D6CB188CD2DB002A4C88 /* Release */,
			);
			defaultConfigurationIsVisible = 0;
			defaultConfigurationName = Release;
		};
		F3A1D6CC188CD2DB002A4C88 /* Build configuration list for PBXNativeTarget "TrainJsDemoTests" */ = {
			isa = XCConfigurationList;
			buildConfigurations = (
				F3A1D6CD188CD2DB002A4C88 /* Debug */,
				F3A1D6CE188CD2DB002A4C88 /* Release */,
			);
			defaultConfigurationIsVisible = 0;
			defaultConfigurationName = Release;
		};
/* End XCConfigurationList section */
	};
	rootObject = F3A1D68F188CD2DB002A4C88 /* Project object */;
}
